
Microsoft Visual Studio Solution File, Format Version 12.00
# Visual Studio Version 17
VisualStudioVersion = 17.14.36408.4 d17.14
MinimumVisualStudioVersion = 10.0.40219.1
Project("{FAE04EC0-301F-11D3-BF4B-00C04F79EFBC}") = "big game", "big game\big game.csproj", "{4DA94196-DBC6-4FE0-9196-9522D4424D89}"
EndProject
Global
	GlobalSection(SolutionConfigurationPlatforms) = preSolution
		Debug|Any CPU = Debug|Any CPU
		Release|Any CPU = Release|Any CPU
	EndGlobalSection
	GlobalSection(ProjectConfigurationPlatforms) = postSolution
		{4DA94196-DBC6-4FE0-9196-9522D4424D89}.Debug|Any CPU.ActiveCfg = Debug|Any CPU
		{4DA94196-DBC6-4FE0-9196-9522D4424D89}.Debug|Any CPU.Build.0 = Debug|Any CPU
		{4DA94196-DBC6-4FE0-9196-9522D4424D89}.Release|Any CPU.ActiveCfg = Release|Any CPU
		{4DA94196-DBC6-4FE0-9196-9522D4424D89}.Release|Any CPU.Build.0 = Release|Any CPU
	EndGlobalSection
	GlobalSection(SolutionProperties) = preSolution
		HideSolutionNode = FALSE
	EndGlobalSection
	GlobalSection(ExtensibilityGlobals) = postSolution
		SolutionGuid = {32516C59-8F50-41E7-9F1E-E337CD61CE6B}
	EndGlobalSection
EndGlobal
